
Microsoft Visual Studio Solution File, Format Version 12.00
# Visual Studio 15
VisualStudioVersion = 15.0.28307.421
MinimumVisualStudioVersion = 10.0.40219.1
Project("{FAE04EC0-301F-11D3-BF4B-00C04F79EFBC}") = "ReadFileJsonFirst", "ReadFileJsonFirst\ReadFileJsonFirst.csproj", "{874ABFBD-463D-4681-BF88-D0FB5944AB71}"
EndProject
Global
	GlobalSection(SolutionConfigurationPlatforms) = preSolution
		Debug|Any CPU = Debug|Any CPU
		Release|Any CPU = Release|Any CPU
	EndGlobalSection
	GlobalSection(ProjectConfigurationPlatforms) = postSolution
		{874ABFBD-463D-4681-BF88-D0FB5944AB71}.Debug|Any CPU.ActiveCfg = Debug|Any CPU
		{874ABFBD-463D-4681-BF88-D0FB5944AB71}.Debug|Any CPU.Build.0 = Debug|Any CPU
		{874ABFBD-463D-4681-BF88-D0FB5944AB71}.Release|Any CPU.ActiveCfg = Release|Any CPU
		{874ABFBD-463D-4681-BF88-D0FB5944AB71}.Release|Any CPU.Build.0 = Release|Any CPU
	EndGlobalSection
	GlobalSection(SolutionProperties) = preSolution
		HideSolutionNode = FALSE
	EndGlobalSection
	GlobalSection(ExtensibilityGlobals) = postSolution
		SolutionGuid = {520FEC2D-BE30-441F-A639-41D5A43967D5}
	EndGlobalSection
EndGlobal
