
Microsoft Visual Studio Solution File, Format Version 12.00
# Visual Studio 15
VisualStudioVersion = 15.0.28307.421
MinimumVisualStudioVersion = 10.0.40219.1
Project("{FAE04EC0-301F-11D3-BF4B-00C04F79EFBC}") = "MergeBoat_Final", "MergeBoat_Final\MergeBoat_Final.csproj", "{8CEF60D8-70F7-4C6B-9E58-A21E002CAD7A}"
EndProject
Global
	GlobalSection(SolutionConfigurationPlatforms) = preSolution
		Debug|Any CPU = Debug|Any CPU
		Release|Any CPU = Release|Any CPU
	EndGlobalSection
	GlobalSection(ProjectConfigurationPlatforms) = postSolution
		{8CEF60D8-70F7-4C6B-9E58-A21E002CAD7A}.Debug|Any CPU.ActiveCfg = Debug|Any CPU
		{8CEF60D8-70F7-4C6B-9E58-A21E002CAD7A}.Debug|Any CPU.Build.0 = Debug|Any CPU
		{8CEF60D8-70F7-4C6B-9E58-A21E002CAD7A}.Release|Any CPU.ActiveCfg = Release|Any CPU
		{8CEF60D8-70F7-4C6B-9E58-A21E002CAD7A}.Release|Any CPU.Build.0 = Release|Any CPU
	EndGlobalSection
	GlobalSection(SolutionProperties) = preSolution
		HideSolutionNode = FALSE
	EndGlobalSection
	GlobalSection(ExtensibilityGlobals) = postSolution
		SolutionGuid = {E76945C1-2DDD-4195-9E2A-723DA32BA6DF}
	EndGlobalSection
EndGlobal
